
Microsoft Visual Studio Solution File, Format Version 12.00
# Visual Studio Version 17
VisualStudioVersion = 17.0.32014.148
MinimumVisualStudioVersion = 10.0.40219.1
Project("{FAE04EC0-301F-11D3-BF4B-00C04F79EFBC}") = "MiniProject", "MiniProject\MiniProject.csproj", "{509656C1-C469-4422-A375-504F1E600228}"
EndProject
Global
	GlobalSection(SolutionConfigurationPlatforms) = preSolution
		Debug|Any CPU = Debug|Any CPU
		Release|Any CPU = Release|Any CPU
	EndGlobalSection
	GlobalSection(ProjectConfigurationPlatforms) = postSolution
		{509656C1-C469-4422-A375-504F1E600228}.Debug|Any CPU.ActiveCfg = Debug|Any CPU
		{509656C1-C469-4422-A375-504F1E600228}.Debug|Any CPU.Build.0 = Debug|Any CPU
		{509656C1-C469-4422-A375-504F1E600228}.Release|Any CPU.ActiveCfg = Release|Any CPU
		{509656C1-C469-4422-A375-504F1E600228}.Release|Any CPU.Build.0 = Release|Any CPU
	EndGlobalSection
	GlobalSection(SolutionProperties) = preSolution
		HideSolutionNode = FALSE
	EndGlobalSection
	GlobalSection(ExtensibilityGlobals) = postSolution
		SolutionGuid = {84EDB24C-AB8B-4C12-99F7-50F4833C3BB9}
	EndGlobalSection
EndGlobal
